// !$*UTF8*$!
{
	archiveVersion = 1;
	classes = {
	};
	objectVersion = 56;
	objects = {

/* Begin PBXBuildFile section */
		5BC506C52A360CED00F07A7F /* AppDelegate.swift in Sources */ = {isa = PBXBuildFile; fileRef = 5BC506C42A360CED00F07A7F /* AppDelegate.swift */; };
		5BC506C72A360CED00F07A7F /* SceneDelegate.swift in Sources */ = {isa = PBXBuildFile; fileRef = 5BC506C62A360CED00F07A7F /* SceneDelegate.swift */; };
		5BC506C92A360CED00F07A7F /* SearchPhotosViewController.swift in Sources */ = {isa = PBXBuildFile; fileRef = 5BC506C82A360CED00F07A7F /* SearchPhotosViewController.swift */; };
		5BC506CE2A360CEE00F07A7F /* Assets.xcassets in Resources */ = {isa = PBXBuildFile; fileRef = 5BC506CD2A360CEE00F07A7F /* Assets.xcassets */; };
		5BC506D12A360CEE00F07A7F /* LaunchScreen.storyboard in Resources */ = {isa = PBXBuildFile; fileRef = 5BC506CF2A360CEE00F07A7F /* LaunchScreen.storyboard */; };
		5BC506DC2A360E6300F07A7F /* Extension + ViewController.swift in Sources */ = {isa = PBXBuildFile; fileRef = 5BC506DB2A360E6300F07A7F /* Extension + ViewController.swift */; };
		5BC506DE2A3610C400F07A7F /* ListOfFavoritePhotosViewController.swift in Sources */ = {isa = PBXBuildFile; fileRef = 5BC506DD2A3610C400F07A7F /* ListOfFavoritePhotosViewController.swift */; };
		5BC506E32A362A3000F07A7F /* PhotosCollectionViewCell.swift in Sources */ = {isa = PBXBuildFile; fileRef = 5BC506E22A362A3000F07A7F /* PhotosCollectionViewCell.swift */; };
		5BC506E52A362A5600F07A7F /* FavoritePhotosTableViewCell.swift in Sources */ = {isa = PBXBuildFile; fileRef = 5BC506E42A362A5600F07A7F /* FavoritePhotosTableViewCell.swift */; };
		5BC506E82A362A9100F07A7F /* CellsID.swift in Sources */ = {isa = PBXBuildFile; fileRef = 5BC506E72A362A9100F07A7F /* CellsID.swift */; };
		5BC506EA2A36340700F07A7F /* DetailPhotoViewController.swift in Sources */ = {isa = PBXBuildFile; fileRef = 5BC506E92A36340700F07A7F /* DetailPhotoViewController.swift */; };
		5BC506ED2A36652600F07A7F /* NetworkService.swift in Sources */ = {isa = PBXBuildFile; fileRef = 5BC506EC2A36652600F07A7F /* NetworkService.swift */; };
		5BC506EF2A366DB200F07A7F /* NetworkDataFetcher.swift in Sources */ = {isa = PBXBuildFile; fileRef = 5BC506EE2A366DB200F07A7F /* NetworkDataFetcher.swift */; };
		5BC506F12A366DFE00F07A7F /* SearchResults.swift in Sources */ = {isa = PBXBuildFile; fileRef = 5BC506F02A366DFE00F07A7F /* SearchResults.swift */; };
		5BC506F42A367F5400F07A7F /* SDWebImage in Frameworks */ = {isa = PBXBuildFile; productRef = 5BC506F32A367F5400F07A7F /* SDWebImage */; };
		5BC506F62A367F5400F07A7F /* SDWebImageMapKit in Frameworks */ = {isa = PBXBuildFile; productRef = 5BC506F52A367F5400F07A7F /* SDWebImageMapKit */; };
/* End PBXBuildFile section */

/* Begin PBXFileReference section */
		5BC506C12A360CED00F07A7F /* White&Fluffy TestApp.app */ = {isa = PBXFileReference; explicitFileType = wrapper.application; includeInIndex = 0; path = "White&Fluffy TestApp.app"; sourceTree = BUILT_PRODUCTS_DIR; };
		5BC506C42A360CED00F07A7F /* AppDelegate.swift */ = {isa = PBXFileReference; lastKnownFileType = sourcecode.swift; path = AppDelegate.swift; sourceTree = "<group>"; };
		5BC506C62A360CED00F07A7F /* SceneDelegate.swift */ = {isa = PBXFileReference; lastKnownFileType = sourcecode.swift; path = SceneDelegate.swift; sourceTree = "<group>"; };
		5BC506C82A360CED00F07A7F /* SearchPhotosViewController.swift */ = {isa = PBXFileReference; lastKnownFileType = sourcecode.swift; path = SearchPhotosViewController.swift; sourceTree = "<group>"; };
		5BC506CD2A360CEE00F07A7F /* Assets.xcassets */ = {isa = PBXFileReference; lastKnownFileType = folder.assetcatalog; path = Assets.xcassets; sourceTree = "<group>"; };
		5BC506D02A360CEE00F07A7F /* Base */ = {isa = PBXFileReference; lastKnownFileType = file.storyboard; name = Base; path = Base.lproj/LaunchScreen.storyboard; sourceTree = "<group>"; };
		5BC506D22A360CEE00F07A7F /* Info.plist */ = {isa = PBXFileReference; lastKnownFileType = text.plist.xml; path = Info.plist; sourceTree = "<group>"; };
		5BC506DB2A360E6300F07A7F /* Extension + ViewController.swift */ = {isa = PBXFileReference; lastKnownFileType = sourcecode.swift; path = "Extension + ViewController.swift"; sourceTree = "<group>"; };
		5BC506DD2A3610C400F07A7F /* ListOfFavoritePhotosViewController.swift */ = {isa = PBXFileReference; lastKnownFileType = sourcecode.swift; path = ListOfFavoritePhotosViewController.swift; sourceTree = "<group>"; };
		5BC506E22A362A3000F07A7F /* PhotosCollectionViewCell.swift */ = {isa = PBXFileReference; lastKnownFileType = sourcecode.swift; path = PhotosCollectionViewCell.swift; sourceTree = "<group>"; };
		5BC506E42A362A5600F07A7F /* FavoritePhotosTableViewCell.swift */ = {isa = PBXFileReference; lastKnownFileType = sourcecode.swift; path = FavoritePhotosTableViewCell.swift; sourceTree = "<group>"; };
		5BC506E72A362A9100F07A7F /* CellsID.swift */ = {isa = PBXFileReference; lastKnownFileType = sourcecode.swift; path = CellsID.swift; sourceTree = "<group>"; };
		5BC506E92A36340700F07A7F /* DetailPhotoViewController.swift */ = {isa = PBXFileReference; lastKnownFileType = sourcecode.swift; path = DetailPhotoViewController.swift; sourceTree = "<group>"; };
		5BC506EC2A36652600F07A7F /* NetworkService.swift */ = {isa = PBXFileReference; lastKnownFileType = sourcecode.swift; path = NetworkService.swift; sourceTree = "<group>"; };
		5BC506EE2A366DB200F07A7F /* NetworkDataFetcher.swift */ = {isa = PBXFileReference; lastKnownFileType = sourcecode.swift; path = NetworkDataFetcher.swift; sourceTree = "<group>"; };
		5BC506F02A366DFE00F07A7F /* SearchResults.swift */ = {isa = PBXFileReference; lastKnownFileType = sourcecode.swift; path = SearchResults.swift; sourceTree = "<group>"; };
/* End PBXFileReference section */

/* Begin PBXFrameworksBuildPhase section */
		5BC506BE2A360CED00F07A7F /* Frameworks */ = {
			isa = PBXFrameworksBuildPhase;
			buildActionMask = 2147483647;
			files = (
				5BC506F62A367F5400F07A7F /* SDWebImageMapKit in Frameworks */,
				5BC506F42A367F5400F07A7F /* SDWebImage in Frameworks */,
			);
			runOnlyForDeploymentPostprocessing = 0;
		};
/* End PBXFrameworksBuildPhase section */

/* Begin PBXGroup section */
		5BC506B82A360CED00F07A7F = {
			isa = PBXGroup;
			children = (
				5BC506C32A360CED00F07A7F /* White&Fluffy TestApp */,
				5BC506C22A360CED00F07A7F /* Products */,
			);
			sourceTree = "<group>";
		};
		5BC506C22A360CED00F07A7F /* Products */ = {
			isa = PBXGroup;
			children = (
				5BC506C12A360CED00F07A7F /* White&Fluffy TestApp.app */,
			);
			name = Products;
			sourceTree = "<group>";
		};
		5BC506C32A360CED00F07A7F /* White&Fluffy TestApp */ = {
			isa = PBXGroup;
			children = (
				5BC506EB2A36651000F07A7F /* Service */,
				5BC506D82A360D3500F07A7F /* App */,
				5BC506D92A360D4C00F07A7F /* Controllers */,
				5BC506E62A362A7A00F07A7F /* Model */,
				5BC506E12A3629F300F07A7F /* Cells */,
				5BC506DA2A360E3800F07A7F /* Extensions */,
				5BC506CD2A360CEE00F07A7F /* Assets.xcassets */,
				5BC506D22A360CEE00F07A7F /* Info.plist */,
			);
			path = "White&Fluffy TestApp";
			sourceTree = "<group>";
		};
		5BC506D82A360D3500F07A7F /* App */ = {
			isa = PBXGroup;
			children = (
				5BC506C42A360CED00F07A7F /* AppDelegate.swift */,
				5BC506C62A360CED00F07A7F /* SceneDelegate.swift */,
				5BC506CF2A360CEE00F07A7F /* LaunchScreen.storyboard */,
			);
			path = App;
			sourceTree = "<group>";
		};
		5BC506D92A360D4C00F07A7F /* Controllers */ = {
			isa = PBXGroup;
			children = (
				5BC506C82A360CED00F07A7F /* SearchPhotosViewController.swift */,
				5BC506DD2A3610C400F07A7F /* ListOfFavoritePhotosViewController.swift */,
				5BC506E92A36340700F07A7F /* DetailPhotoViewController.swift */,
			);
			path = Controllers;
			sourceTree = "<group>";
		};
		5BC506DA2A360E3800F07A7F /* Extensions */ = {
			isa = PBXGroup;
			children = (
				5BC506DB2A360E6300F07A7F /* Extension + ViewController.swift */,
			);
			path = Extensions;
			sourceTree = "<group>";
		};
		5BC506E12A3629F300F07A7F /* Cells */ = {
			isa = PBXGroup;
			children = (
				5BC506E22A362A3000F07A7F /* PhotosCollectionViewCell.swift */,
				5BC506E42A362A5600F07A7F /* FavoritePhotosTableViewCell.swift */,
			);
			path = Cells;
			sourceTree = "<group>";
		};
		5BC506E62A362A7A00F07A7F /* Model */ = {
			isa = PBXGroup;
			children = (
				5BC506E72A362A9100F07A7F /* CellsID.swift */,
				5BC506F02A366DFE00F07A7F /* SearchResults.swift */,
			);
			path = Model;
			sourceTree = "<group>";
		};
		5BC506EB2A36651000F07A7F /* Service */ = {
			isa = PBXGroup;
			children = (
				5BC506EC2A36652600F07A7F /* NetworkService.swift */,
				5BC506EE2A366DB200F07A7F /* NetworkDataFetcher.swift */,
			);
			path = Service;
			sourceTree = "<group>";
		};
/* End PBXGroup section */

/* Begin PBXNativeTarget section */
		5BC506C02A360CED00F07A7F /* White&Fluffy TestApp */ = {
			isa = PBXNativeTarget;
			buildConfigurationList = 5BC506D52A360CEE00F07A7F /* Build configuration list for PBXNativeTarget "White&Fluffy TestApp" */;
			buildPhases = (
				5BC506BD2A360CED00F07A7F /* Sources */,
				5BC506BE2A360CED00F07A7F /* Frameworks */,
				5BC506BF2A360CED00F07A7F /* Resources */,
			);
			buildRules = (
			);
			dependencies = (
			);
			name = "White&Fluffy TestApp";
			packageProductDependencies = (
				5BC506F32A367F5400F07A7F /* SDWebImage */,
				5BC506F52A367F5400F07A7F /* SDWebImageMapKit */,
			);
			productName = "White&Fluffy TestApp";
			productReference = 5BC506C12A360CED00F07A7F /* White&Fluffy TestApp.app */;
			productType = "com.apple.product-type.application";
		};
/* End PBXNativeTarget section */

/* Begin PBXProject section */
		5BC506B92A360CED00F07A7F /* Project object */ = {
			isa = PBXProject;
			attributes = {
				BuildIndependentTargetsInParallel = 1;
				LastSwiftUpdateCheck = 1430;
				LastUpgradeCheck = 1430;
				TargetAttributes = {
					5BC506C02A360CED00F07A7F = {
						CreatedOnToolsVersion = 14.3.1;
					};
				};
			};
			buildConfigurationList = 5BC506BC2A360CED00F07A7F /* Build configuration list for PBXProject "White&Fluffy TestApp" */;
			compatibilityVersion = "Xcode 14.0";
			developmentRegion = en;
			hasScannedForEncodings = 0;
			knownRegions = (
				en,
				Base,
			);
			mainGroup = 5BC506B82A360CED00F07A7F;
			packageReferences = (
				5BC506F22A367F5400F07A7F /* XCRemoteSwiftPackageReference "SDWebImage" */,
			);
			productRefGroup = 5BC506C22A360CED00F07A7F /* Products */;
			projectDirPath = "";
			projectRoot = "";
			targets = (
				5BC506C02A360CED00F07A7F /* White&Fluffy TestApp */,
			);
		};
/* End PBXProject section */

/* Begin PBXResourcesBuildPhase section */
		5BC506BF2A360CED00F07A7F /* Resources */ = {
			isa = PBXResourcesBuildPhase;
			buildActionMask = 2147483647;
			files = (
				5BC506D12A360CEE00F07A7F /* LaunchScreen.storyboard in Resources */,
				5BC506CE2A360CEE00F07A7F /* Assets.xcassets in Resources */,
			);
			runOnlyForDeploymentPostprocessing = 0;
		};
/* End PBXResourcesBuildPhase section */

/* Begin PBXSourcesBuildPhase section */
		5BC506BD2A360CED00F07A7F /* Sources */ = {
			isa = PBXSourcesBuildPhase;
			buildActionMask = 2147483647;
			files = (
				5BC506ED2A36652600F07A7F /* NetworkService.swift in Sources */,
				5BC506E82A362A9100F07A7F /* CellsID.swift in Sources */,
				5BC506DC2A360E6300F07A7F /* Extension + ViewController.swift in Sources */,
				5BC506EF2A366DB200F07A7F /* NetworkDataFetcher.swift in Sources */,
				5BC506DE2A3610C400F07A7F /* ListOfFavoritePhotosViewController.swift in Sources */,
				5BC506E52A362A5600F07A7F /* FavoritePhotosTableViewCell.swift in Sources */,
				5BC506C92A360CED00F07A7F /* SearchPhotosViewController.swift in Sources */,
				5BC506C52A360CED00F07A7F /* AppDelegate.swift in Sources */,
				5BC506EA2A36340700F07A7F /* DetailPhotoViewController.swift in Sources */,
				5BC506C72A360CED00F07A7F /* SceneDelegate.swift in Sources */,
				5BC506F12A366DFE00F07A7F /* SearchResults.swift in Sources */,
				5BC506E32A362A3000F07A7F /* PhotosCollectionViewCell.swift in Sources */,
			);
			runOnlyForDeploymentPostprocessing = 0;
		};
/* End PBXSourcesBuildPhase section */

/* Begin PBXVariantGroup section */
		5BC506CF2A360CEE00F07A7F /* LaunchScreen.storyboard */ = {
			isa = PBXVariantGroup;
			children = (
				5BC506D02A360CEE00F07A7F /* Base */,
			);
			name = LaunchScreen.storyboard;
			sourceTree = "<group>";
		};
/* End PBXVariantGroup section */

/* Begin XCBuildConfiguration section */
		5BC506D32A360CEE00F07A7F /* Debug */ = {
			isa = XCBuildConfiguration;
			buildSettings = {
				ALWAYS_SEARCH_USER_PATHS = NO;
				CLANG_ANALYZER_NONNULL = YES;
				CLANG_ANALYZER_NUMBER_OBJECT_CONVERSION = YES_AGGRESSIVE;
				CLANG_CXX_LANGUAGE_STANDARD = "gnu++20";
				CLANG_ENABLE_MODULES = YES;
				CLANG_ENABLE_OBJC_ARC = YES;
				CLANG_ENABLE_OBJC_WEAK = YES;
				CLANG_WARN_BLOCK_CAPTURE_AUTORELEASING = YES;
				CLANG_WARN_BOOL_CONVERSION = YES;
				CLANG_WARN_COMMA = YES;
				CLANG_WARN_CONSTANT_CONVERSION = YES;
				CLANG_WARN_DEPRECATED_OBJC_IMPLEMENTATIONS = YES;
				CLANG_WARN_DIRECT_OBJC_ISA_USAGE = YES_ERROR;
				CLANG_WARN_DOCUMENTATION_COMMENTS = YES;
				CLANG_WARN_EMPTY_BODY = YES;
				CLANG_WARN_ENUM_CONVERSION = YES;
				CLANG_WARN_INFINITE_RECURSION = YES;
				CLANG_WARN_INT_CONVERSION = YES;
				CLANG_WARN_NON_LITERAL_NULL_CONVERSION = YES;
				CLANG_WARN_OBJC_IMPLICIT_RETAIN_SELF = YES;
				CLANG_WARN_OBJC_LITERAL_CONVERSION = YES;
				CLANG_WARN_OBJC_ROOT_CLASS = YES_ERROR;
				CLANG_WARN_QUOTED_INCLUDE_IN_FRAMEWORK_HEADER = YES;
				CLANG_WARN_RANGE_LOOP_ANALYSIS = YES;
				CLANG_WARN_STRICT_PROTOTYPES = YES;
				CLANG_WARN_SUSPICIOUS_MOVE = YES;
				CLANG_WARN_UNGUARDED_AVAILABILITY = YES_AGGRESSIVE;
				CLANG_WARN_UNREACHABLE_CODE = YES;
				CLANG_WARN__DUPLICATE_METHOD_MATCH = YES;
				COPY_PHASE_STRIP = NO;
				DEBUG_INFORMATION_FORMAT = dwarf;
				ENABLE_STRICT_OBJC_MSGSEND = YES;
				ENABLE_TESTABILITY = YES;
				GCC_C_LANGUAGE_STANDARD = gnu11;
				GCC_DYNAMIC_NO_PIC = NO;
				GCC_NO_COMMON_BLOCKS = YES;
				GCC_OPTIMIZATION_LEVEL = 0;
				GCC_PREPROCESSOR_DEFINITIONS = (
					"DEBUG=1",
					"$(inherited)",
				);
				GCC_WARN_64_TO_32_BIT_CONVERSION = YES;
				GCC_WARN_ABOUT_RETURN_TYPE = YES_ERROR;
				GCC_WARN_UNDECLARED_SELECTOR = YES;
				GCC_WARN_UNINITIALIZED_AUTOS = YES_AGGRESSIVE;
				GCC_WARN_UNUSED_FUNCTION = YES;
				GCC_WARN_UNUSED_VARIABLE = YES;
				IPHONEOS_DEPLOYMENT_TARGET = 16.4;
				MTL_ENABLE_DEBUG_INFO = INCLUDE_SOURCE;
				MTL_FAST_MATH = YES;
				ONLY_ACTIVE_ARCH = YES;
				SDKROOT = iphoneos;
				SWIFT_ACTIVE_COMPILATION_CONDITIONS = DEBUG;
				SWIFT_OPTIMIZATION_LEVEL = "-Onone";
			};
			name = Debug;
		};
		5BC506D42A360CEE00F07A7F /* Release */ = {
			isa = XCBuildConfiguration;
			buildSettings = {
				ALWAYS_SEARCH_USER_PATHS = NO;
				CLANG_ANALYZER_NONNULL = YES;
				CLANG_ANALYZER_NUMBER_OBJECT_CONVERSION = YES_AGGRESSIVE;
				CLANG_CXX_LANGUAGE_STANDARD = "gnu++20";
				CLANG_ENABLE_MODULES = YES;
				CLANG_ENABLE_OBJC_ARC = YES;
				CLANG_ENABLE_OBJC_WEAK = YES;
				CLANG_WARN_BLOCK_CAPTURE_AUTORELEASING = YES;
				CLANG_WARN_BOOL_CONVERSION = YES;
				CLANG_WARN_COMMA = YES;
				CLANG_WARN_CONSTANT_CONVERSION = YES;
				CLANG_WARN_DEPRECATED_OBJC_IMPLEMENTATIONS = YES;
				CLANG_WARN_DIRECT_OBJC_ISA_USAGE = YES_ERROR;
				CLANG_WARN_DOCUMENTATION_COMMENTS = YES;
				CLANG_WARN_EMPTY_BODY = YES;
				CLANG_WARN_ENUM_CONVERSION = YES;
				CLANG_WARN_INFINITE_RECURSION = YES;
				CLANG_WARN_INT_CONVERSION = YES;
				CLANG_WARN_NON_LITERAL_NULL_CONVERSION = YES;
				CLANG_WARN_OBJC_IMPLICIT_RETAIN_SELF = YES;
				CLANG_WARN_OBJC_LITERAL_CONVERSION = YES;
				CLANG_WARN_OBJC_ROOT_CLASS = YES_ERROR;
				CLANG_WARN_QUOTED_INCLUDE_IN_FRAMEWORK_HEADER = YES;
				CLANG_WARN_RANGE_LOOP_ANALYSIS = YES;
				CLANG_WARN_STRICT_PROTOTYPES = YES;
				CLANG_WARN_SUSPICIOUS_MOVE = YES;
				CLANG_WARN_UNGUARDED_AVAILABILITY = YES_AGGRESSIVE;
				CLANG_WARN_UNREACHABLE_CODE = YES;
				CLANG_WARN__DUPLICATE_METHOD_MATCH = YES;
				COPY_PHASE_STRIP = NO;
				DEBUG_INFORMATION_FORMAT = "dwarf-with-dsym";
				ENABLE_NS_ASSERTIONS = NO;
				ENABLE_STRICT_OBJC_MSGSEND = YES;
				GCC_C_LANGUAGE_STANDARD = gnu11;
				GCC_NO_COMMON_BLOCKS = YES;
				GCC_WARN_64_TO_32_BIT_CONVERSION = YES;
				GCC_WARN_ABOUT_RETURN_TYPE = YES_ERROR;
				GCC_WARN_UNDECLARED_SELECTOR = YES;
				GCC_WARN_UNINITIALIZED_AUTOS = YES_AGGRESSIVE;
				GCC_WARN_UNUSED_FUNCTION = YES;
				GCC_WARN_UNUSED_VARIABLE = YES;
				IPHONEOS_DEPLOYMENT_TARGET = 16.4;
				MTL_ENABLE_DEBUG_INFO = NO;
				MTL_FAST_MATH = YES;
				SDKROOT = iphoneos;
				SWIFT_COMPILATION_MODE = wholemodule;
				SWIFT_OPTIMIZATION_LEVEL = "-O";
				VALIDATE_PRODUCT = YES;
			};
			name = Release;
		};
		5BC506D62A360CEE00F07A7F /* Debug */ = {
			isa = XCBuildConfiguration;
			buildSettings = {
				ASSETCATALOG_COMPILER_APPICON_NAME = AppIcon;
				ASSETCATALOG_COMPILER_GLOBAL_ACCENT_COLOR_NAME = AccentColor;
				CODE_SIGN_STYLE = Automatic;
				CURRENT_PROJECT_VERSION = 1;
				DEVELOPMENT_TEAM = 695W8CRMKH;
				GENERATE_INFOPLIST_FILE = YES;
				INFOPLIST_FILE = "White&Fluffy TestApp/Info.plist";
				INFOPLIST_KEY_UIApplicationSupportsIndirectInputEvents = YES;
				INFOPLIST_KEY_UILaunchStoryboardName = LaunchScreen;
				INFOPLIST_KEY_UISupportedInterfaceOrientations_iPad = "UIInterfaceOrientationPortrait UIInterfaceOrientationPortraitUpsideDown UIInterfaceOrientationLandscapeLeft UIInterfaceOrientationLandscapeRight";
				INFOPLIST_KEY_UISupportedInterfaceOrientations_iPhone = "UIInterfaceOrientationPortrait UIInterfaceOrientationLandscapeLeft UIInterfaceOrientationLandscapeRight";
				IPHONEOS_DEPLOYMENT_TARGET = 16.0;
				LD_RUNPATH_SEARCH_PATHS = (
					"$(inherited)",
					"@executable_path/Frameworks",
				);
				MARKETING_VERSION = 1.0;
				PRODUCT_BUNDLE_IDENTIFIER = "Ataev-Aleksandr.White-Fluffy-TestApp";
				PRODUCT_NAME = "$(TARGET_NAME)";
				SUPPORTED_PLATFORMS = "iphoneos iphonesimulator";
				SUPPORTS_MACCATALYST = NO;
				SUPPORTS_MAC_DESIGNED_FOR_IPHONE_IPAD = NO;
				SWIFT_EMIT_LOC_STRINGS = YES;
				SWIFT_VERSION = 5.0;
				TARGETED_DEVICE_FAMILY = "1,2";
			};
			name = Debug;
		};
		5BC506D72A360CEE00F07A7F /* Release */ = {
			isa = XCBuildConfiguration;
			buildSettings = {
				ASSETCATALOG_COMPILER_APPICON_NAME = AppIcon;
				ASSETCATALOG_COMPILER_GLOBAL_ACCENT_COLOR_NAME = AccentColor;
				CODE_SIGN_STYLE = Automatic;
				CURRENT_PROJECT_VERSION = 1;
				DEVELOPMENT_TEAM = 695W8CRMKH;
				GENERATE_INFOPLIST_FILE = YES;
				INFOPLIST_FILE = "White&Fluffy TestApp/Info.plist";
				INFOPLIST_KEY_UIApplicationSupportsIndirectInputEvents = YES;
				INFOPLIST_KEY_UILaunchStoryboardName = LaunchScreen;
				INFOPLIST_KEY_UISupportedInterfaceOrientations_iPad = "UIInterfaceOrientationPortrait UIInterfaceOrientationPortraitUpsideDown UIInterfaceOrientationLandscapeLeft UIInterfaceOrientationLandscapeRight";
				INFOPLIST_KEY_UISupportedInterfaceOrientations_iPhone = "UIInterfaceOrientationPortrait UIInterfaceOrientationLandscapeLeft UIInterfaceOrientationLandscapeRight";
				IPHONEOS_DEPLOYMENT_TARGET = 16.0;
				LD_RUNPATH_SEARCH_PATHS = (
					"$(inherited)",
					"@executable_path/Frameworks",
				);
				MARKETING_VERSION = 1.0;
				PRODUCT_BUNDLE_IDENTIFIER = "Ataev-Aleksandr.White-Fluffy-TestApp";
				PRODUCT_NAME = "$(TARGET_NAME)";
				SUPPORTED_PLATFORMS = "iphoneos iphonesimulator";
				SUPPORTS_MACCATALYST = NO;
				SUPPORTS_MAC_DESIGNED_FOR_IPHONE_IPAD = NO;
				SWIFT_EMIT_LOC_STRINGS = YES;
				SWIFT_VERSION = 5.0;
				TARGETED_DEVICE_FAMILY = "1,2";
			};
			name = Release;
		};
/* End XCBuildConfiguration section */

/* Begin XCConfigurationList section */
		5BC506BC2A360CED00F07A7F /* Build configuration list for PBXProject "White&Fluffy TestApp" */ = {
			isa = XCConfigurationList;
			buildConfigurations = (
				5BC506D32A360CEE00F07A7F /* Debug */,
				5BC506D42A360CEE00F07A7F /* Release */,
			);
			defaultConfigurationIsVisible = 0;
			defaultConfigurationName = Release;
		};
		5BC506D52A360CEE00F07A7F /* Build configuration list for PBXNativeTarget "White&Fluffy TestApp" */ = {
			isa = XCConfigurationList;
			buildConfigurations = (
				5BC506D62A360CEE00F07A7F /* Debug */,
				5BC506D72A360CEE00F07A7F /* Release */,
			);
			defaultConfigurationIsVisible = 0;
			defaultConfigurationName = Release;
		};
/* End XCConfigurationList section */

/* Begin XCRemoteSwiftPackageReference section */
		5BC506F22A367F5400F07A7F /* XCRemoteSwiftPackageReference "SDWebImage" */ = {
			isa = XCRemoteSwiftPackageReference;
			repositoryURL = "https://github.com/SDWebImage/SDWebImage.git";
			requirement = {
				kind = upToNextMajorVersion;
				minimumVersion = 5.0.0;
			};
		};
/* End XCRemoteSwiftPackageReference section */

/* Begin XCSwiftPackageProductDependency section */
		5BC506F32A367F5400F07A7F /* SDWebImage */ = {
			isa = XCSwiftPackageProductDependency;
			package = 5BC506F22A367F5400F07A7F /* XCRemoteSwiftPackageReference "SDWebImage" */;
			productName = SDWebImage;
		};
		5BC506F52A367F5400F07A7F /* SDWebImageMapKit */ = {
			isa = XCSwiftPackageProductDependency;
			package = 5BC506F22A367F5400F07A7F /* XCRemoteSwiftPackageReference "SDWebImage" */;
			productName = SDWebImageMapKit;
		};
/* End XCSwiftPackageProductDependency section */
	};
	rootObject = 5BC506B92A360CED00F07A7F /* Project object */;
}
